
Microsoft Visual Studio Solution File, Format Version 12.00
Project("{FAE04EC0-301F-11D3-BF4B-00C04F79EFBC}") = "4Cows_Mobile", "4Cows_Mobile\4Cows_Mobile.csproj", "{214C96EA-E34F-4A79-A127-A860130359A7}"
EndProject
Project("{FAE04EC0-301F-11D3-BF4B-00C04F79EFBC}") = "4CowsDataLib_Mobile", "4CowsDataLib_Mobile\4CowsDataLib_Mobile.csproj", "{3D94569B-B1B2-4F20-94A6-4B4CECF308B8}"
EndProject
Global
	GlobalSection(SolutionConfigurationPlatforms) = preSolution
		Debug|Any CPU = Debug|Any CPU
		Release|Any CPU = Release|Any CPU
	EndGlobalSection
	GlobalSection(ProjectConfigurationPlatforms) = postSolution
		{214C96EA-E34F-4A79-A127-A860130359A7}.Debug|Any CPU.ActiveCfg = Debug|Any CPU
		{214C96EA-E34F-4A79-A127-A860130359A7}.Debug|Any CPU.Build.0 = Debug|Any CPU
		{214C96EA-E34F-4A79-A127-A860130359A7}.Release|Any CPU.ActiveCfg = Release|Any CPU
		{214C96EA-E34F-4A79-A127-A860130359A7}.Release|Any CPU.Build.0 = Release|Any CPU
		{3D94569B-B1B2-4F20-94A6-4B4CECF308B8}.Debug|Any CPU.ActiveCfg = Debug|Any CPU
		{3D94569B-B1B2-4F20-94A6-4B4CECF308B8}.Debug|Any CPU.Build.0 = Debug|Any CPU
		{3D94569B-B1B2-4F20-94A6-4B4CECF308B8}.Release|Any CPU.ActiveCfg = Release|Any CPU
		{3D94569B-B1B2-4F20-94A6-4B4CECF308B8}.Release|Any CPU.Build.0 = Release|Any CPU
	EndGlobalSection
EndGlobal
